# This file is auto-generated by `zz`. DO NOT EDIT.
# Checksum: b45376716f17aafbdf1bce87e2801c12ade10f3bf03073890cbfa7955dd7ca84
version = 1
manifest_deps_hash = "853658a694d2a72c38a254ea0a70e045679e0847b312b9738b9795fb563f53f4"

[[deps]]
name = "rand"
version = "*"
source = "path"
hash = "664beb39000d7ddd3cded3233ba6fdbfd0195f9190282362e57bb4d45126c441"
