# This file is auto-generated by `zz`. DO NOT EDIT.
# Checksum: c9038d36dbac864c96ea5f237e49504a2809010285de0f3182829569102e6ca6
version = 1
manifest_deps_hash = "3536f35466b5bbdb14663e2e06621261920c0c89f1890af7a13d82df787a85f8"

[[deps]]
name = "rand"
version = "*"
source = "path"
hash = "ea48993da3d65adfa1285954a89f65044ec60222c804449e62135701583bf2e5"
