# This file is auto-generated by `zz`. DO NOT EDIT.
# Checksum: 0bb37a72f8b8a830fb3370c0327247a0a8d207ecd97416d2ea4f36f328922d24
version = 1
manifest_deps_hash = "3536f35466b5bbdb14663e2e06621261920c0c89f1890af7a13d82df787a85f8"

[[deps]]
name = "rand"
version = "*"
source = "path"
hash = "e7b6ec580ddbd9793b268f188142f4377610a2c6d4adcac56fa4a5997adde350"
