# This file is auto-generated by `zz`. DO NOT EDIT.
# Checksum: 2405d7cc5e315a1c4b6dc6f7f49ecff29d8204a67b263c344573524854360d58
version = 1
manifest_deps_hash = "3536f35466b5bbdb14663e2e06621261920c0c89f1890af7a13d82df787a85f8"

[[deps]]
name = "rand"
version = "*"
source = "path"
hash = "51b642779dbd1d85fbecd4f0342eff22da0dfd686674007a472aa8a3ac547ae1"
