# This file is auto-generated by `zz`. DO NOT EDIT.
# Checksum: 36252ae94f5d5b800a5beb1c068cc6c1e7f88034784c2bdeb02051b3c973e7ad
version = 1
manifest_deps_hash = "3536f35466b5bbdb14663e2e06621261920c0c89f1890af7a13d82df787a85f8"

[[deps]]
name = "rand"
version = "*"
source = "path"
hash = "9a4d0e04fc83c942d35c7f48b4a41fd153fc9ec4ca92fa5551d6cf342b2562f9"
